// !$*UTF8*$!
{
	archiveVersion = 1;
	classes = {
	};
	objectVersion = 56;
	objects = {

/* Begin PBXBuildFile section */
		69B309B92A892784000D0953 /* ScrumdingerApp.swift in Sources */ = {isa = PBXBuildFile; fileRef = 69B309B82A892784000D0953 /* ScrumdingerApp.swift */; };
		69B309BB2A892784000D0953 /* MeetingView.swift in Sources */ = {isa = PBXBuildFile; fileRef = 69B309BA2A892784000D0953 /* MeetingView.swift */; };
		69B309BD2A892786000D0953 /* Assets.xcassets in Resources */ = {isa = PBXBuildFile; fileRef = 69B309BC2A892786000D0953 /* Assets.xcassets */; };
		69B309C02A892786000D0953 /* Preview Assets.xcassets in Resources */ = {isa = PBXBuildFile; fileRef = 69B309BF2A892786000D0953 /* Preview Assets.xcassets */; };
		69B309C82A892FAF000D0953 /* Theme.swift in Sources */ = {isa = PBXBuildFile; fileRef = 69B309C72A892FAF000D0953 /* Theme.swift */; };
		69B309CA2A893117000D0953 /* DailyScrum.swift in Sources */ = {isa = PBXBuildFile; fileRef = 69B309C92A893117000D0953 /* DailyScrum.swift */; };
		69B309CC2A893261000D0953 /* CardView.swift in Sources */ = {isa = PBXBuildFile; fileRef = 69B309CB2A893261000D0953 /* CardView.swift */; };
		69B309D02A893C0C000D0953 /* TrailingIconLabelStyle.swift in Sources */ = {isa = PBXBuildFile; fileRef = 69B309CF2A893C0C000D0953 /* TrailingIconLabelStyle.swift */; };
		69B309D22A893EB7000D0953 /* ScrumsView.swift in Sources */ = {isa = PBXBuildFile; fileRef = 69B309D12A893EB7000D0953 /* ScrumsView.swift */; };
		69B309D42A894997000D0953 /* DetailView.swift in Sources */ = {isa = PBXBuildFile; fileRef = 69B309D32A894997000D0953 /* DetailView.swift */; };
		69B309D62A89DDDA000D0953 /* DetailEditView.swift in Sources */ = {isa = PBXBuildFile; fileRef = 69B309D52A89DDDA000D0953 /* DetailEditView.swift */; };
		69B309D82A89E83A000D0953 /* ThemeView.swift in Sources */ = {isa = PBXBuildFile; fileRef = 69B309D72A89E83A000D0953 /* ThemeView.swift */; };
		69B309DC2A89F441000D0953 /* ThemePicker.swift in Sources */ = {isa = PBXBuildFile; fileRef = 69B309DB2A89F441000D0953 /* ThemePicker.swift */; };
		69B309DE2A8DCDA0000D0953 /* MeetingHeaderView.swift in Sources */ = {isa = PBXBuildFile; fileRef = 69B309DD2A8DCDA0000D0953 /* MeetingHeaderView.swift */; };
		69B309E02A8DD0B7000D0953 /* ScrumProgressViewStyle.swift in Sources */ = {isa = PBXBuildFile; fileRef = 69B309DF2A8DD0B7000D0953 /* ScrumProgressViewStyle.swift */; };
		69B309E22A8DD179000D0953 /* ScrumTimer.swift in Sources */ = {isa = PBXBuildFile; fileRef = 69B309E12A8DD179000D0953 /* ScrumTimer.swift */; };
		69B309E42A8DD2C4000D0953 /* MeetingFooterView.swift in Sources */ = {isa = PBXBuildFile; fileRef = 69B309E32A8DD2C4000D0953 /* MeetingFooterView.swift */; };
		69B309E72A8DD54C000D0953 /* ding.wav in Resources */ = {isa = PBXBuildFile; fileRef = 69B309E62A8DD54C000D0953 /* ding.wav */; };
/* End PBXBuildFile section */

/* Begin PBXFileReference section */
		69B309B52A892784000D0953 /* Scrumdinger.app */ = {isa = PBXFileReference; explicitFileType = wrapper.application; includeInIndex = 0; path = Scrumdinger.app; sourceTree = BUILT_PRODUCTS_DIR; };
		69B309B82A892784000D0953 /* ScrumdingerApp.swift */ = {isa = PBXFileReference; lastKnownFileType = sourcecode.swift; path = ScrumdingerApp.swift; sourceTree = "<group>"; };
		69B309BA2A892784000D0953 /* MeetingView.swift */ = {isa = PBXFileReference; lastKnownFileType = sourcecode.swift; path = MeetingView.swift; sourceTree = "<group>"; };
		69B309BC2A892786000D0953 /* Assets.xcassets */ = {isa = PBXFileReference; lastKnownFileType = folder.assetcatalog; path = Assets.xcassets; sourceTree = "<group>"; };
		69B309BF2A892786000D0953 /* Preview Assets.xcassets */ = {isa = PBXFileReference; lastKnownFileType = folder.assetcatalog; path = "Preview Assets.xcassets"; sourceTree = "<group>"; };
		69B309C72A892FAF000D0953 /* Theme.swift */ = {isa = PBXFileReference; lastKnownFileType = sourcecode.swift; path = Theme.swift; sourceTree = "<group>"; };
		69B309C92A893117000D0953 /* DailyScrum.swift */ = {isa = PBXFileReference; lastKnownFileType = sourcecode.swift; path = DailyScrum.swift; sourceTree = "<group>"; };
		69B309CB2A893261000D0953 /* CardView.swift */ = {isa = PBXFileReference; lastKnownFileType = sourcecode.swift; path = CardView.swift; sourceTree = "<group>"; };
		69B309CF2A893C0C000D0953 /* TrailingIconLabelStyle.swift */ = {isa = PBXFileReference; lastKnownFileType = sourcecode.swift; path = TrailingIconLabelStyle.swift; sourceTree = "<group>"; };
		69B309D12A893EB7000D0953 /* ScrumsView.swift */ = {isa = PBXFileReference; lastKnownFileType = sourcecode.swift; path = ScrumsView.swift; sourceTree = "<group>"; };
		69B309D32A894997000D0953 /* DetailView.swift */ = {isa = PBXFileReference; lastKnownFileType = sourcecode.swift; path = DetailView.swift; sourceTree = "<group>"; };
		69B309D52A89DDDA000D0953 /* DetailEditView.swift */ = {isa = PBXFileReference; lastKnownFileType = sourcecode.swift; path = DetailEditView.swift; sourceTree = "<group>"; };
		69B309D72A89E83A000D0953 /* ThemeView.swift */ = {isa = PBXFileReference; lastKnownFileType = sourcecode.swift; path = ThemeView.swift; sourceTree = "<group>"; };
		69B309DB2A89F441000D0953 /* ThemePicker.swift */ = {isa = PBXFileReference; lastKnownFileType = sourcecode.swift; path = ThemePicker.swift; sourceTree = "<group>"; };
		69B309DD2A8DCDA0000D0953 /* MeetingHeaderView.swift */ = {isa = PBXFileReference; lastKnownFileType = sourcecode.swift; path = MeetingHeaderView.swift; sourceTree = "<group>"; };
		69B309DF2A8DD0B7000D0953 /* ScrumProgressViewStyle.swift */ = {isa = PBXFileReference; lastKnownFileType = sourcecode.swift; path = ScrumProgressViewStyle.swift; sourceTree = "<group>"; };
		69B309E12A8DD179000D0953 /* ScrumTimer.swift */ = {isa = PBXFileReference; lastKnownFileType = sourcecode.swift; path = ScrumTimer.swift; sourceTree = "<group>"; };
		69B309E32A8DD2C4000D0953 /* MeetingFooterView.swift */ = {isa = PBXFileReference; lastKnownFileType = sourcecode.swift; path = MeetingFooterView.swift; sourceTree = "<group>"; };
		69B309E62A8DD54C000D0953 /* ding.wav */ = {isa = PBXFileReference; lastKnownFileType = audio.wav; name = ding.wav; path = ../../../../Downloads/ManagingStateAndLifeCycle/StartingProject/Scrumdinger/Resources/ding.wav; sourceTree = "<group>"; };
/* End PBXFileReference section */

/* Begin PBXFrameworksBuildPhase section */
		69B309B22A892784000D0953 /* Frameworks */ = {
			isa = PBXFrameworksBuildPhase;
			buildActionMask = 2147483647;
			files = (
			);
			runOnlyForDeploymentPostprocessing = 0;
		};
/* End PBXFrameworksBuildPhase section */

/* Begin PBXGroup section */
		69B309AC2A892784000D0953 = {
			isa = PBXGroup;
			children = (
				69B309B72A892784000D0953 /* Scrumdinger */,
				69B309B62A892784000D0953 /* Products */,
			);
			sourceTree = "<group>";
		};
		69B309B62A892784000D0953 /* Products */ = {
			isa = PBXGroup;
			children = (
				69B309B52A892784000D0953 /* Scrumdinger.app */,
			);
			name = Products;
			sourceTree = "<group>";
		};
		69B309B72A892784000D0953 /* Scrumdinger */ = {
			isa = PBXGroup;
			children = (
				69B309E52A8DD535000D0953 /* Resources */,
				69B309DA2A89E922000D0953 /* Views */,
				69B309C62A892F8B000D0953 /* Models */,
				69B309B82A892784000D0953 /* ScrumdingerApp.swift */,
				69B309BC2A892786000D0953 /* Assets.xcassets */,
				69B309BE2A892786000D0953 /* Preview Content */,
			);
			path = Scrumdinger;
			sourceTree = "<group>";
		};
		69B309BE2A892786000D0953 /* Preview Content */ = {
			isa = PBXGroup;
			children = (
				69B309BF2A892786000D0953 /* Preview Assets.xcassets */,
			);
			path = "Preview Content";
			sourceTree = "<group>";
		};
		69B309C62A892F8B000D0953 /* Models */ = {
			isa = PBXGroup;
			children = (
				69B309CF2A893C0C000D0953 /* TrailingIconLabelStyle.swift */,
				69B309C72A892FAF000D0953 /* Theme.swift */,
				69B309C92A893117000D0953 /* DailyScrum.swift */,
				69B309E12A8DD179000D0953 /* ScrumTimer.swift */,
			);
			path = Models;
			sourceTree = "<group>";
		};
		69B309DA2A89E922000D0953 /* Views */ = {
			isa = PBXGroup;
			children = (
				69B309CB2A893261000D0953 /* CardView.swift */,
				69B309BA2A892784000D0953 /* MeetingView.swift */,
				69B309D12A893EB7000D0953 /* ScrumsView.swift */,
				69B309D32A894997000D0953 /* DetailView.swift */,
				69B309D52A89DDDA000D0953 /* DetailEditView.swift */,
				69B309D72A89E83A000D0953 /* ThemeView.swift */,
				69B309DB2A89F441000D0953 /* ThemePicker.swift */,
				69B309DD2A8DCDA0000D0953 /* MeetingHeaderView.swift */,
				69B309DF2A8DD0B7000D0953 /* ScrumProgressViewStyle.swift */,
				69B309E32A8DD2C4000D0953 /* MeetingFooterView.swift */,
			);
			path = Views;
			sourceTree = "<group>";
		};
		69B309E52A8DD535000D0953 /* Resources */ = {
			isa = PBXGroup;
			children = (
				69B309E62A8DD54C000D0953 /* ding.wav */,
			);
			path = Resources;
			sourceTree = "<group>";
		};
/* End PBXGroup section */

/* Begin PBXNativeTarget section */
		69B309B42A892784000D0953 /* Scrumdinger */ = {
			isa = PBXNativeTarget;
			buildConfigurationList = 69B309C32A892786000D0953 /* Build configuration list for PBXNativeTarget "Scrumdinger" */;
			buildPhases = (
				69B309B12A892784000D0953 /* Sources */,
				69B309B22A892784000D0953 /* Frameworks */,
				69B309B32A892784000D0953 /* Resources */,
			);
			buildRules = (
			);
			dependencies = (
			);
			name = Scrumdinger;
			productName = Scrumdinger;
			productReference = 69B309B52A892784000D0953 /* Scrumdinger.app */;
			productType = "com.apple.product-type.application";
		};
/* End PBXNativeTarget section */

/* Begin PBXProject section */
		69B309AD2A892784000D0953 /* Project object */ = {
			isa = PBXProject;
			attributes = {
				BuildIndependentTargetsInParallel = 1;
				LastSwiftUpdateCheck = 1430;
				LastUpgradeCheck = 1430;
				TargetAttributes = {
					69B309B42A892784000D0953 = {
						CreatedOnToolsVersion = 14.3.1;
					};
				};
			};
			buildConfigurationList = 69B309B02A892784000D0953 /* Build configuration list for PBXProject "Scrumdinger" */;
			compatibilityVersion = "Xcode 14.0";
			developmentRegion = en;
			hasScannedForEncodings = 0;
			knownRegions = (
				en,
				Base,
			);
			mainGroup = 69B309AC2A892784000D0953;
			productRefGroup = 69B309B62A892784000D0953 /* Products */;
			projectDirPath = "";
			projectRoot = "";
			targets = (
				69B309B42A892784000D0953 /* Scrumdinger */,
			);
		};
/* End PBXProject section */

/* Begin PBXResourcesBuildPhase section */
		69B309B32A892784000D0953 /* Resources */ = {
			isa = PBXResourcesBuildPhase;
			buildActionMask = 2147483647;
			files = (
				69B309E72A8DD54C000D0953 /* ding.wav in Resources */,
				69B309C02A892786000D0953 /* Preview Assets.xcassets in Resources */,
				69B309BD2A892786000D0953 /* Assets.xcassets in Resources */,
			);
			runOnlyForDeploymentPostprocessing = 0;
		};
/* End PBXResourcesBuildPhase section */

/* Begin PBXSourcesBuildPhase section */
		69B309B12A892784000D0953 /* Sources */ = {
			isa = PBXSourcesBuildPhase;
			buildActionMask = 2147483647;
			files = (
				69B309DC2A89F441000D0953 /* ThemePicker.swift in Sources */,
				69B309E02A8DD0B7000D0953 /* ScrumProgressViewStyle.swift in Sources */,
				69B309E42A8DD2C4000D0953 /* MeetingFooterView.swift in Sources */,
				69B309E22A8DD179000D0953 /* ScrumTimer.swift in Sources */,
				69B309CA2A893117000D0953 /* DailyScrum.swift in Sources */,
				69B309D42A894997000D0953 /* DetailView.swift in Sources */,
				69B309DE2A8DCDA0000D0953 /* MeetingHeaderView.swift in Sources */,
				69B309D62A89DDDA000D0953 /* DetailEditView.swift in Sources */,
				69B309D02A893C0C000D0953 /* TrailingIconLabelStyle.swift in Sources */,
				69B309C82A892FAF000D0953 /* Theme.swift in Sources */,
				69B309D22A893EB7000D0953 /* ScrumsView.swift in Sources */,
				69B309BB2A892784000D0953 /* MeetingView.swift in Sources */,
				69B309B92A892784000D0953 /* ScrumdingerApp.swift in Sources */,
				69B309D82A89E83A000D0953 /* ThemeView.swift in Sources */,
				69B309CC2A893261000D0953 /* CardView.swift in Sources */,
			);
			runOnlyForDeploymentPostprocessing = 0;
		};
/* End PBXSourcesBuildPhase section */

/* Begin XCBuildConfiguration section */
		69B309C12A892786000D0953 /* Debug */ = {
			isa = XCBuildConfiguration;
			buildSettings = {
				ALWAYS_SEARCH_USER_PATHS = NO;
				CLANG_ANALYZER_NONNULL = YES;
				CLANG_ANALYZER_NUMBER_OBJECT_CONVERSION = YES_AGGRESSIVE;
				CLANG_CXX_LANGUAGE_STANDARD = "gnu++20";
				CLANG_ENABLE_MODULES = YES;
				CLANG_ENABLE_OBJC_ARC = YES;
				CLANG_ENABLE_OBJC_WEAK = YES;
				CLANG_WARN_BLOCK_CAPTURE_AUTORELEASING = YES;
				CLANG_WARN_BOOL_CONVERSION = YES;
				CLANG_WARN_COMMA = YES;
				CLANG_WARN_CONSTANT_CONVERSION = YES;
				CLANG_WARN_DEPRECATED_OBJC_IMPLEMENTATIONS = YES;
				CLANG_WARN_DIRECT_OBJC_ISA_USAGE = YES_ERROR;
				CLANG_WARN_DOCUMENTATION_COMMENTS = YES;
				CLANG_WARN_EMPTY_BODY = YES;
				CLANG_WARN_ENUM_CONVERSION = YES;
				CLANG_WARN_INFINITE_RECURSION = YES;
				CLANG_WARN_INT_CONVERSION = YES;
				CLANG_WARN_NON_LITERAL_NULL_CONVERSION = YES;
				CLANG_WARN_OBJC_IMPLICIT_RETAIN_SELF = YES;
				CLANG_WARN_OBJC_LITERAL_CONVERSION = YES;
				CLANG_WARN_OBJC_ROOT_CLASS = YES_ERROR;
				CLANG_WARN_QUOTED_INCLUDE_IN_FRAMEWORK_HEADER = YES;
				CLANG_WARN_RANGE_LOOP_ANALYSIS = YES;
				CLANG_WARN_STRICT_PROTOTYPES = YES;
				CLANG_WARN_SUSPICIOUS_MOVE = YES;
				CLANG_WARN_UNGUARDED_AVAILABILITY = YES_AGGRESSIVE;
				CLANG_WARN_UNREACHABLE_CODE = YES;
				CLANG_WARN__DUPLICATE_METHOD_MATCH = YES;
				COPY_PHASE_STRIP = NO;
				DEBUG_INFORMATION_FORMAT = dwarf;
				ENABLE_STRICT_OBJC_MSGSEND = YES;
				ENABLE_TESTABILITY = YES;
				GCC_C_LANGUAGE_STANDARD = gnu11;
				GCC_DYNAMIC_NO_PIC = NO;
				GCC_NO_COMMON_BLOCKS = YES;
				GCC_OPTIMIZATION_LEVEL = 0;
				GCC_PREPROCESSOR_DEFINITIONS = (
					"DEBUG=1",
					"$(inherited)",
				);
				GCC_WARN_64_TO_32_BIT_CONVERSION = YES;
				GCC_WARN_ABOUT_RETURN_TYPE = YES_ERROR;
				GCC_WARN_UNDECLARED_SELECTOR = YES;
				GCC_WARN_UNINITIALIZED_AUTOS = YES_AGGRESSIVE;
				GCC_WARN_UNUSED_FUNCTION = YES;
				GCC_WARN_UNUSED_VARIABLE = YES;
				IPHONEOS_DEPLOYMENT_TARGET = 16.4;
				MTL_ENABLE_DEBUG_INFO = INCLUDE_SOURCE;
				MTL_FAST_MATH = YES;
				ONLY_ACTIVE_ARCH = YES;
				SDKROOT = iphoneos;
				SWIFT_ACTIVE_COMPILATION_CONDITIONS = DEBUG;
				SWIFT_OPTIMIZATION_LEVEL = "-Onone";
			};
			name = Debug;
		};
		69B309C22A892786000D0953 /* Release */ = {
			isa = XCBuildConfiguration;
			buildSettings = {
				ALWAYS_SEARCH_USER_PATHS = NO;
				CLANG_ANALYZER_NONNULL = YES;
				CLANG_ANALYZER_NUMBER_OBJECT_CONVERSION = YES_AGGRESSIVE;
				CLANG_CXX_LANGUAGE_STANDARD = "gnu++20";
				CLANG_ENABLE_MODULES = YES;
				CLANG_ENABLE_OBJC_ARC = YES;
				CLANG_ENABLE_OBJC_WEAK = YES;
				CLANG_WARN_BLOCK_CAPTURE_AUTORELEASING = YES;
				CLANG_WARN_BOOL_CONVERSION = YES;
				CLANG_WARN_COMMA = YES;
				CLANG_WARN_CONSTANT_CONVERSION = YES;
				CLANG_WARN_DEPRECATED_OBJC_IMPLEMENTATIONS = YES;
				CLANG_WARN_DIRECT_OBJC_ISA_USAGE = YES_ERROR;
				CLANG_WARN_DOCUMENTATION_COMMENTS = YES;
				CLANG_WARN_EMPTY_BODY = YES;
				CLANG_WARN_ENUM_CONVERSION = YES;
				CLANG_WARN_INFINITE_RECURSION = YES;
				CLANG_WARN_INT_CONVERSION = YES;
				CLANG_WARN_NON_LITERAL_NULL_CONVERSION = YES;
				CLANG_WARN_OBJC_IMPLICIT_RETAIN_SELF = YES;
				CLANG_WARN_OBJC_LITERAL_CONVERSION = YES;
				CLANG_WARN_OBJC_ROOT_CLASS = YES_ERROR;
				CLANG_WARN_QUOTED_INCLUDE_IN_FRAMEWORK_HEADER = YES;
				CLANG_WARN_RANGE_LOOP_ANALYSIS = YES;
				CLANG_WARN_STRICT_PROTOTYPES = YES;
				CLANG_WARN_SUSPICIOUS_MOVE = YES;
				CLANG_WARN_UNGUARDED_AVAILABILITY = YES_AGGRESSIVE;
				CLANG_WARN_UNREACHABLE_CODE = YES;
				CLANG_WARN__DUPLICATE_METHOD_MATCH = YES;
				COPY_PHASE_STRIP = NO;
				DEBUG_INFORMATION_FORMAT = "dwarf-with-dsym";
				ENABLE_NS_ASSERTIONS = NO;
				ENABLE_STRICT_OBJC_MSGSEND = YES;
				GCC_C_LANGUAGE_STANDARD = gnu11;
				GCC_NO_COMMON_BLOCKS = YES;
				GCC_WARN_64_TO_32_BIT_CONVERSION = YES;
				GCC_WARN_ABOUT_RETURN_TYPE = YES_ERROR;
				GCC_WARN_UNDECLARED_SELECTOR = YES;
				GCC_WARN_UNINITIALIZED_AUTOS = YES_AGGRESSIVE;
				GCC_WARN_UNUSED_FUNCTION = YES;
				GCC_WARN_UNUSED_VARIABLE = YES;
				IPHONEOS_DEPLOYMENT_TARGET = 16.4;
				MTL_ENABLE_DEBUG_INFO = NO;
				MTL_FAST_MATH = YES;
				SDKROOT = iphoneos;
				SWIFT_COMPILATION_MODE = wholemodule;
				SWIFT_OPTIMIZATION_LEVEL = "-O";
				VALIDATE_PRODUCT = YES;
			};
			name = Release;
		};
		69B309C42A892786000D0953 /* Debug */ = {
			isa = XCBuildConfiguration;
			buildSettings = {
				ASSETCATALOG_COMPILER_APPICON_NAME = AppIcon;
				ASSETCATALOG_COMPILER_GLOBAL_ACCENT_COLOR_NAME = AccentColor;
				CODE_SIGN_STYLE = Automatic;
				CURRENT_PROJECT_VERSION = 1;
				DEVELOPMENT_ASSET_PATHS = "\"Scrumdinger/Preview Content\"";
				DEVELOPMENT_TEAM = 3M3XUP63VM;
				ENABLE_PREVIEWS = YES;
				GENERATE_INFOPLIST_FILE = YES;
				INFOPLIST_KEY_UIApplicationSceneManifest_Generation = YES;
				INFOPLIST_KEY_UIApplicationSupportsIndirectInputEvents = YES;
				INFOPLIST_KEY_UILaunchScreen_Generation = YES;
				INFOPLIST_KEY_UISupportedInterfaceOrientations_iPad = "UIInterfaceOrientationPortrait UIInterfaceOrientationPortraitUpsideDown UIInterfaceOrientationLandscapeLeft UIInterfaceOrientationLandscapeRight";
				INFOPLIST_KEY_UISupportedInterfaceOrientations_iPhone = "UIInterfaceOrientationPortrait UIInterfaceOrientationLandscapeLeft UIInterfaceOrientationLandscapeRight";
				LD_RUNPATH_SEARCH_PATHS = (
					"$(inherited)",
					"@executable_path/Frameworks",
				);
				MARKETING_VERSION = 1.0;
				PRODUCT_BUNDLE_IDENTIFIER = com.first.Scrumdinger;
				PRODUCT_NAME = "$(TARGET_NAME)";
				SWIFT_EMIT_LOC_STRINGS = YES;
				SWIFT_VERSION = 5.0;
				TARGETED_DEVICE_FAMILY = "1,2";
			};
			name = Debug;
		};
		69B309C52A892786000D0953 /* Release */ = {
			isa = XCBuildConfiguration;
			buildSettings = {
				ASSETCATALOG_COMPILER_APPICON_NAME = AppIcon;
				ASSETCATALOG_COMPILER_GLOBAL_ACCENT_COLOR_NAME = AccentColor;
				CODE_SIGN_STYLE = Automatic;
				CURRENT_PROJECT_VERSION = 1;
				DEVELOPMENT_ASSET_PATHS = "\"Scrumdinger/Preview Content\"";
				DEVELOPMENT_TEAM = 3M3XUP63VM;
				ENABLE_PREVIEWS = YES;
				GENERATE_INFOPLIST_FILE = YES;
				INFOPLIST_KEY_UIApplicationSceneManifest_Generation = YES;
				INFOPLIST_KEY_UIApplicationSupportsIndirectInputEvents = YES;
				INFOPLIST_KEY_UILaunchScreen_Generation = YES;
				INFOPLIST_KEY_UISupportedInterfaceOrientations_iPad = "UIInterfaceOrientationPortrait UIInterfaceOrientationPortraitUpsideDown UIInterfaceOrientationLandscapeLeft UIInterfaceOrientationLandscapeRight";
				INFOPLIST_KEY_UISupportedInterfaceOrientations_iPhone = "UIInterfaceOrientationPortrait UIInterfaceOrientationLandscapeLeft UIInterfaceOrientationLandscapeRight";
				LD_RUNPATH_SEARCH_PATHS = (
					"$(inherited)",
					"@executable_path/Frameworks",
				);
				MARKETING_VERSION = 1.0;
				PRODUCT_BUNDLE_IDENTIFIER = com.first.Scrumdinger;
				PRODUCT_NAME = "$(TARGET_NAME)";
				SWIFT_EMIT_LOC_STRINGS = YES;
				SWIFT_VERSION = 5.0;
				TARGETED_DEVICE_FAMILY = "1,2";
			};
			name = Release;
		};
/* End XCBuildConfiguration section */

/* Begin XCConfigurationList section */
		69B309B02A892784000D0953 /* Build configuration list for PBXProject "Scrumdinger" */ = {
			isa = XCConfigurationList;
			buildConfigurations = (
				69B309C12A892786000D0953 /* Debug */,
				69B309C22A892786000D0953 /* Release */,
			);
			defaultConfigurationIsVisible = 0;
			defaultConfigurationName = Release;
		};
		69B309C32A892786000D0953 /* Build configuration list for PBXNativeTarget "Scrumdinger" */ = {
			isa = XCConfigurationList;
			buildConfigurations = (
				69B309C42A892786000D0953 /* Debug */,
				69B309C52A892786000D0953 /* Release */,
			);
			defaultConfigurationIsVisible = 0;
			defaultConfigurationName = Release;
		};
/* End XCConfigurationList section */
	};
	rootObject = 69B309AD2A892784000D0953 /* Project object */;
}
